// !$*UTF8*$!
{
	archiveVersion = 1;
	classes = {
	};
	objectVersion = 56;
	objects = {

/* Begin PBXBuildFile section */
		4962E0DADA83EC274C1E2B07 /* Pods_ReactiveFormValidation.framework in Frameworks */ = {isa = PBXBuildFile; fileRef = 89B352D663BCF56C45553C74 /* Pods_ReactiveFormValidation.framework */; };
		4A0002192BFA5585002AA0CA /* UsernameTextFieldTests.swift in Sources */ = {isa = PBXBuildFile; fileRef = 4A0002182BFA5585002AA0CA /* UsernameTextFieldTests.swift */; };
		4A00021E2BFA56AB002AA0CA /* UsernameTextFieldController.swift in Sources */ = {isa = PBXBuildFile; fileRef = 4A00021D2BFA56AB002AA0CA /* UsernameTextFieldController.swift */; };
		4A0002222BFA56E7002AA0CA /* UsernameTextFieldViewModel.swift in Sources */ = {isa = PBXBuildFile; fileRef = 4A0002212BFA56E7002AA0CA /* UsernameTextFieldViewModel.swift */; };
		4A2DE87C2BFC07A20044D337 /* UsernameStatus.swift in Sources */ = {isa = PBXBuildFile; fileRef = 4A2DE87B2BFC07A20044D337 /* UsernameStatus.swift */; };
		4A606B782BFD4C2400AEE729 /* PasswordFieldsControllerTests.swift in Sources */ = {isa = PBXBuildFile; fileRef = 4A606B772BFD4C2400AEE729 /* PasswordFieldsControllerTests.swift */; };
		4A606B7B2BFD4CEC00AEE729 /* PasswordFieldsController.swift in Sources */ = {isa = PBXBuildFile; fileRef = 4A606B7A2BFD4CEC00AEE729 /* PasswordFieldsController.swift */; };
		4A606B7D2BFD4E9C00AEE729 /* PasswordFieldsViewModel.swift in Sources */ = {isa = PBXBuildFile; fileRef = 4A606B7C2BFD4E9C00AEE729 /* PasswordFieldsViewModel.swift */; };
		4A606B7F2BFD5FAF00AEE729 /* PasswordValidatorPolicy.swift in Sources */ = {isa = PBXBuildFile; fileRef = 4A606B7E2BFD5FAF00AEE729 /* PasswordValidatorPolicy.swift */; };
		4A810B7E2BF54FEB00469895 /* AppDelegate.swift in Sources */ = {isa = PBXBuildFile; fileRef = 4A810B7D2BF54FEB00469895 /* AppDelegate.swift */; };
		4A810B802BF54FEB00469895 /* SceneDelegate.swift in Sources */ = {isa = PBXBuildFile; fileRef = 4A810B7F2BF54FEB00469895 /* SceneDelegate.swift */; };
		4A810B822BF54FEB00469895 /* ViewController.swift in Sources */ = {isa = PBXBuildFile; fileRef = 4A810B812BF54FEB00469895 /* ViewController.swift */; };
		4A810B872BF54FEC00469895 /* Assets.xcassets in Resources */ = {isa = PBXBuildFile; fileRef = 4A810B862BF54FEC00469895 /* Assets.xcassets */; };
		4A810B8A2BF54FEC00469895 /* Base in Resources */ = {isa = PBXBuildFile; fileRef = 4A810B892BF54FEC00469895 /* Base */; };
		4A810B952BF54FEC00469895 /* ReactiveFormValidationTests.swift in Sources */ = {isa = PBXBuildFile; fileRef = 4A810B942BF54FEC00469895 /* ReactiveFormValidationTests.swift */; };
		4AA1A9962BF94C230052D813 /* NameTextFieldViewModel.swift in Sources */ = {isa = PBXBuildFile; fileRef = 4AA1A9952BF94C230052D813 /* NameTextFieldViewModel.swift */; };
		4AA1A9982BF94C480052D813 /* NameTextFieldController.swift in Sources */ = {isa = PBXBuildFile; fileRef = 4AA1A9972BF94C480052D813 /* NameTextFieldController.swift */; };
		4AA1A99B2BF94CAB0052D813 /* EmailTextFieldViewModel.swift in Sources */ = {isa = PBXBuildFile; fileRef = 4AA1A99A2BF94CAB0052D813 /* EmailTextFieldViewModel.swift */; };
		4AA1A99D2BF94CCF0052D813 /* EmailTextFieldViewController.swift in Sources */ = {isa = PBXBuildFile; fileRef = 4AA1A99C2BF94CCF0052D813 /* EmailTextFieldViewController.swift */; };
		4AA1A99F2BF94D0E0052D813 /* NameTextFieldTests.swift in Sources */ = {isa = PBXBuildFile; fileRef = 4AA1A99E2BF94D0E0052D813 /* NameTextFieldTests.swift */; };
		4AA1A9A12BF94ED70052D813 /* Helpers.swift in Sources */ = {isa = PBXBuildFile; fileRef = 4AA1A9A02BF94ED70052D813 /* Helpers.swift */; };
		4AA1A9A42BF94FA40052D813 /* ValidationHelpers.swift in Sources */ = {isa = PBXBuildFile; fileRef = 4AA1A9A32BF94FA40052D813 /* ValidationHelpers.swift */; };
		4AFF0E292BF5537D00F46A8B /* ViewModel.swift in Sources */ = {isa = PBXBuildFile; fileRef = 4AFF0E282BF5537D00F46A8B /* ViewModel.swift */; };
		4AFF0E2B2BF5594400F46A8B /* UIComposer.swift in Sources */ = {isa = PBXBuildFile; fileRef = 4AFF0E2A2BF5594400F46A8B /* UIComposer.swift */; };
		4AFF0E3C2BF5A19700F46A8B /* EmailTextFieldTests.swift in Sources */ = {isa = PBXBuildFile; fileRef = 4AFF0E3B2BF5A19700F46A8B /* EmailTextFieldTests.swift */; };
		4AFF0E3E2BF5A33300F46A8B /* TextFieldView.swift in Sources */ = {isa = PBXBuildFile; fileRef = 4AFF0E3D2BF5A33300F46A8B /* TextFieldView.swift */; };
		A5757476E3D443BEAD2D3564 /* Pods_ReactiveFormValidationTests.framework in Frameworks */ = {isa = PBXBuildFile; fileRef = BC7542DE65C1BA6DC3EB6CCE /* Pods_ReactiveFormValidationTests.framework */; };
/* End PBXBuildFile section */

/* Begin PBXContainerItemProxy section */
		4A810B912BF54FEC00469895 /* PBXContainerItemProxy */ = {
			isa = PBXContainerItemProxy;
			containerPortal = 4A810B722BF54FEB00469895 /* Project object */;
			proxyType = 1;
			remoteGlobalIDString = 4A810B792BF54FEB00469895;
			remoteInfo = ReactiveFormValidation;
		};
/* End PBXContainerItemProxy section */

/* Begin PBXFileReference section */
		0040A9B24DF28889302007B4 /* Pods-ReactiveFormValidationTests.debug.xcconfig */ = {isa = PBXFileReference; includeInIndex = 1; lastKnownFileType = text.xcconfig; name = "Pods-ReactiveFormValidationTests.debug.xcconfig"; path = "Target Support Files/Pods-ReactiveFormValidationTests/Pods-ReactiveFormValidationTests.debug.xcconfig"; sourceTree = "<group>"; };
		1AB4BA9385D286DF1049D22F /* Pods-ReactiveFormValidation.debug.xcconfig */ = {isa = PBXFileReference; includeInIndex = 1; lastKnownFileType = text.xcconfig; name = "Pods-ReactiveFormValidation.debug.xcconfig"; path = "Target Support Files/Pods-ReactiveFormValidation/Pods-ReactiveFormValidation.debug.xcconfig"; sourceTree = "<group>"; };
		356834C5789FF172EB23A306 /* Pods-ReactiveFormValidation-ReactiveFormValidationUITests.release.xcconfig */ = {isa = PBXFileReference; includeInIndex = 1; lastKnownFileType = text.xcconfig; name = "Pods-ReactiveFormValidation-ReactiveFormValidationUITests.release.xcconfig"; path = "Target Support Files/Pods-ReactiveFormValidation-ReactiveFormValidationUITests/Pods-ReactiveFormValidation-ReactiveFormValidationUITests.release.xcconfig"; sourceTree = "<group>"; };
		3B8314ADDDBC0E0ED2F85AC1 /* Pods-ReactiveFormValidationTests.release.xcconfig */ = {isa = PBXFileReference; includeInIndex = 1; lastKnownFileType = text.xcconfig; name = "Pods-ReactiveFormValidationTests.release.xcconfig"; path = "Target Support Files/Pods-ReactiveFormValidationTests/Pods-ReactiveFormValidationTests.release.xcconfig"; sourceTree = "<group>"; };
		4A0002182BFA5585002AA0CA /* UsernameTextFieldTests.swift */ = {isa = PBXFileReference; lastKnownFileType = sourcecode.swift; path = UsernameTextFieldTests.swift; sourceTree = "<group>"; };
		4A00021D2BFA56AB002AA0CA /* UsernameTextFieldController.swift */ = {isa = PBXFileReference; lastKnownFileType = sourcecode.swift; path = UsernameTextFieldController.swift; sourceTree = "<group>"; };
		4A0002212BFA56E7002AA0CA /* UsernameTextFieldViewModel.swift */ = {isa = PBXFileReference; lastKnownFileType = sourcecode.swift; path = UsernameTextFieldViewModel.swift; sourceTree = "<group>"; };
		4A2DE87B2BFC07A20044D337 /* UsernameStatus.swift */ = {isa = PBXFileReference; lastKnownFileType = sourcecode.swift; path = UsernameStatus.swift; sourceTree = "<group>"; };
		4A606B772BFD4C2400AEE729 /* PasswordFieldsControllerTests.swift */ = {isa = PBXFileReference; lastKnownFileType = sourcecode.swift; path = PasswordFieldsControllerTests.swift; sourceTree = "<group>"; };
		4A606B7A2BFD4CEC00AEE729 /* PasswordFieldsController.swift */ = {isa = PBXFileReference; lastKnownFileType = sourcecode.swift; path = PasswordFieldsController.swift; sourceTree = "<group>"; };
		4A606B7C2BFD4E9C00AEE729 /* PasswordFieldsViewModel.swift */ = {isa = PBXFileReference; lastKnownFileType = sourcecode.swift; path = PasswordFieldsViewModel.swift; sourceTree = "<group>"; };
		4A606B7E2BFD5FAF00AEE729 /* PasswordValidatorPolicy.swift */ = {isa = PBXFileReference; lastKnownFileType = sourcecode.swift; path = PasswordValidatorPolicy.swift; sourceTree = "<group>"; };
		4A810B7A2BF54FEB00469895 /* ReactiveFormValidation.app */ = {isa = PBXFileReference; explicitFileType = wrapper.application; includeInIndex = 0; path = ReactiveFormValidation.app; sourceTree = BUILT_PRODUCTS_DIR; };
		4A810B7D2BF54FEB00469895 /* AppDelegate.swift */ = {isa = PBXFileReference; lastKnownFileType = sourcecode.swift; path = AppDelegate.swift; sourceTree = "<group>"; };
		4A810B7F2BF54FEB00469895 /* SceneDelegate.swift */ = {isa = PBXFileReference; lastKnownFileType = sourcecode.swift; path = SceneDelegate.swift; sourceTree = "<group>"; };
		4A810B812BF54FEB00469895 /* ViewController.swift */ = {isa = PBXFileReference; lastKnownFileType = sourcecode.swift; path = ViewController.swift; sourceTree = "<group>"; };
		4A810B862BF54FEC00469895 /* Assets.xcassets */ = {isa = PBXFileReference; lastKnownFileType = folder.assetcatalog; path = Assets.xcassets; sourceTree = "<group>"; };
		4A810B892BF54FEC00469895 /* Base */ = {isa = PBXFileReference; lastKnownFileType = file.storyboard; name = Base; path = Base.lproj/LaunchScreen.storyboard; sourceTree = "<group>"; };
		4A810B8B2BF54FEC00469895 /* Info.plist */ = {isa = PBXFileReference; lastKnownFileType = text.plist.xml; path = Info.plist; sourceTree = "<group>"; };
		4A810B902BF54FEC00469895 /* ReactiveFormValidationTests.xctest */ = {isa = PBXFileReference; explicitFileType = wrapper.cfbundle; includeInIndex = 0; path = ReactiveFormValidationTests.xctest; sourceTree = BUILT_PRODUCTS_DIR; };
		4A810B942BF54FEC00469895 /* ReactiveFormValidationTests.swift */ = {isa = PBXFileReference; lastKnownFileType = sourcecode.swift; path = ReactiveFormValidationTests.swift; sourceTree = "<group>"; };
		4A810BAD2BF551EC00469895 /* ReactiveFormValidation.xctestplan */ = {isa = PBXFileReference; lastKnownFileType = text; path = ReactiveFormValidation.xctestplan; sourceTree = "<group>"; };
		4AA1A9952BF94C230052D813 /* NameTextFieldViewModel.swift */ = {isa = PBXFileReference; lastKnownFileType = sourcecode.swift; path = NameTextFieldViewModel.swift; sourceTree = "<group>"; };
		4AA1A9972BF94C480052D813 /* NameTextFieldController.swift */ = {isa = PBXFileReference; lastKnownFileType = sourcecode.swift; path = NameTextFieldController.swift; sourceTree = "<group>"; };
		4AA1A99A2BF94CAB0052D813 /* EmailTextFieldViewModel.swift */ = {isa = PBXFileReference; lastKnownFileType = sourcecode.swift; path = EmailTextFieldViewModel.swift; sourceTree = "<group>"; };
		4AA1A99C2BF94CCF0052D813 /* EmailTextFieldViewController.swift */ = {isa = PBXFileReference; lastKnownFileType = sourcecode.swift; path = EmailTextFieldViewController.swift; sourceTree = "<group>"; };
		4AA1A99E2BF94D0E0052D813 /* NameTextFieldTests.swift */ = {isa = PBXFileReference; lastKnownFileType = sourcecode.swift; path = NameTextFieldTests.swift; sourceTree = "<group>"; };
		4AA1A9A02BF94ED70052D813 /* Helpers.swift */ = {isa = PBXFileReference; lastKnownFileType = sourcecode.swift; path = Helpers.swift; sourceTree = "<group>"; };
		4AA1A9A32BF94FA40052D813 /* ValidationHelpers.swift */ = {isa = PBXFileReference; lastKnownFileType = sourcecode.swift; path = ValidationHelpers.swift; sourceTree = "<group>"; };
		4AFF0E282BF5537D00F46A8B /* ViewModel.swift */ = {isa = PBXFileReference; lastKnownFileType = sourcecode.swift; path = ViewModel.swift; sourceTree = "<group>"; };
		4AFF0E2A2BF5594400F46A8B /* UIComposer.swift */ = {isa = PBXFileReference; lastKnownFileType = sourcecode.swift; path = UIComposer.swift; sourceTree = "<group>"; };
		4AFF0E3B2BF5A19700F46A8B /* EmailTextFieldTests.swift */ = {isa = PBXFileReference; lastKnownFileType = sourcecode.swift; path = EmailTextFieldTests.swift; sourceTree = "<group>"; };
		4AFF0E3D2BF5A33300F46A8B /* TextFieldView.swift */ = {isa = PBXFileReference; lastKnownFileType = sourcecode.swift; path = TextFieldView.swift; sourceTree = "<group>"; };
		89B352D663BCF56C45553C74 /* Pods_ReactiveFormValidation.framework */ = {isa = PBXFileReference; explicitFileType = wrapper.framework; includeInIndex = 0; path = Pods_ReactiveFormValidation.framework; sourceTree = BUILT_PRODUCTS_DIR; };
		BC7542DE65C1BA6DC3EB6CCE /* Pods_ReactiveFormValidationTests.framework */ = {isa = PBXFileReference; explicitFileType = wrapper.framework; includeInIndex = 0; path = Pods_ReactiveFormValidationTests.framework; sourceTree = BUILT_PRODUCTS_DIR; };
		D59DDAE8DE35E77CC67A8CA4 /* Pods_ReactiveFormValidation_ReactiveFormValidationUITests.framework */ = {isa = PBXFileReference; explicitFileType = wrapper.framework; includeInIndex = 0; path = Pods_ReactiveFormValidation_ReactiveFormValidationUITests.framework; sourceTree = BUILT_PRODUCTS_DIR; };
		DACB781060B4A044F4726447 /* Pods-ReactiveFormValidation.release.xcconfig */ = {isa = PBXFileReference; includeInIndex = 1; lastKnownFileType = text.xcconfig; name = "Pods-ReactiveFormValidation.release.xcconfig"; path = "Target Support Files/Pods-ReactiveFormValidation/Pods-ReactiveFormValidation.release.xcconfig"; sourceTree = "<group>"; };
		DF49E49E963A23F0101D14AC /* Pods-ReactiveFormValidation-ReactiveFormValidationUITests.debug.xcconfig */ = {isa = PBXFileReference; includeInIndex = 1; lastKnownFileType = text.xcconfig; name = "Pods-ReactiveFormValidation-ReactiveFormValidationUITests.debug.xcconfig"; path = "Target Support Files/Pods-ReactiveFormValidation-ReactiveFormValidationUITests/Pods-ReactiveFormValidation-ReactiveFormValidationUITests.debug.xcconfig"; sourceTree = "<group>"; };
/* End PBXFileReference section */

/* Begin PBXFrameworksBuildPhase section */
		4A810B772BF54FEB00469895 /* Frameworks */ = {
			isa = PBXFrameworksBuildPhase;
			buildActionMask = 2147483647;
			files = (
				4962E0DADA83EC274C1E2B07 /* Pods_ReactiveFormValidation.framework in Frameworks */,
			);
			runOnlyForDeploymentPostprocessing = 0;
		};
		4A810B8D2BF54FEC00469895 /* Frameworks */ = {
			isa = PBXFrameworksBuildPhase;
			buildActionMask = 2147483647;
			files = (
				A5757476E3D443BEAD2D3564 /* Pods_ReactiveFormValidationTests.framework in Frameworks */,
			);
			runOnlyForDeploymentPostprocessing = 0;
		};
/* End PBXFrameworksBuildPhase section */

/* Begin PBXGroup section */
		4A0002132BFA4AB5002AA0CA /* Helpers */ = {
			isa = PBXGroup;
			children = (
				4AA1A9A02BF94ED70052D813 /* Helpers.swift */,
			);
			path = Helpers;
			sourceTree = "<group>";
		};
		4A00021C2BFA5699002AA0CA /* UsernameTextField */ = {
			isa = PBXGroup;
			children = (
				4A00021D2BFA56AB002AA0CA /* UsernameTextFieldController.swift */,
				4A0002212BFA56E7002AA0CA /* UsernameTextFieldViewModel.swift */,
			);
			path = UsernameTextField;
			sourceTree = "<group>";
		};
		4A606B792BFD4CDD00AEE729 /* PasswordFields */ = {
			isa = PBXGroup;
			children = (
				4A606B7A2BFD4CEC00AEE729 /* PasswordFieldsController.swift */,
				4A606B7C2BFD4E9C00AEE729 /* PasswordFieldsViewModel.swift */,
			);
			path = PasswordFields;
			sourceTree = "<group>";
		};
		4A606B822BFD798F00AEE729 /* snapshots */ = {
			isa = PBXGroup;
			children = (
			);
			path = snapshots;
			sourceTree = "<group>";
		};
		4A810B712BF54FEB00469895 = {
			isa = PBXGroup;
			children = (
				4A810B7C2BF54FEB00469895 /* ReactiveFormValidation */,
				4A810B932BF54FEC00469895 /* ReactiveFormValidationTests */,
				4A810B7B2BF54FEB00469895 /* Products */,
				8658B824B9662E71304769F1 /* Pods */,
				BCE55D0646F90818FE08C006 /* Frameworks */,
			);
			sourceTree = "<group>";
		};
		4A810B7B2BF54FEB00469895 /* Products */ = {
			isa = PBXGroup;
			children = (
				4A810B7A2BF54FEB00469895 /* ReactiveFormValidation.app */,
				4A810B902BF54FEC00469895 /* ReactiveFormValidationTests.xctest */,
			);
			name = Products;
			sourceTree = "<group>";
		};
		4A810B7C2BF54FEB00469895 /* ReactiveFormValidation */ = {
			isa = PBXGroup;
			children = (
				4AA1A9A22BF94F9A0052D813 /* Helpers */,
				4AFF0E362BF59D5A00F46A8B /* TextField */,
				4AA1A9992BF94C9E0052D813 /* EmailTextField */,
				4AA1A9942BF94C120052D813 /* NameTextField */,
				4A00021C2BFA5699002AA0CA /* UsernameTextField */,
				4A606B792BFD4CDD00AEE729 /* PasswordFields */,
				4A810B7D2BF54FEB00469895 /* AppDelegate.swift */,
				4A810B7F2BF54FEB00469895 /* SceneDelegate.swift */,
				4A810B812BF54FEB00469895 /* ViewController.swift */,
				4A810B862BF54FEC00469895 /* Assets.xcassets */,
				4A810B882BF54FEC00469895 /* LaunchScreen.storyboard */,
				4A810B8B2BF54FEC00469895 /* Info.plist */,
				4AFF0E282BF5537D00F46A8B /* ViewModel.swift */,
				4AFF0E2A2BF5594400F46A8B /* UIComposer.swift */,
				4A2DE87B2BFC07A20044D337 /* UsernameStatus.swift */,
				4A606B7E2BFD5FAF00AEE729 /* PasswordValidatorPolicy.swift */,
			);
			path = ReactiveFormValidation;
			sourceTree = "<group>";
		};
		4A810B932BF54FEC00469895 /* ReactiveFormValidationTests */ = {
			isa = PBXGroup;
			children = (
				4A606B822BFD798F00AEE729 /* snapshots */,
				4A0002132BFA4AB5002AA0CA /* Helpers */,
				4A810BAD2BF551EC00469895 /* ReactiveFormValidation.xctestplan */,
				4A810B942BF54FEC00469895 /* ReactiveFormValidationTests.swift */,
				4AFF0E3B2BF5A19700F46A8B /* EmailTextFieldTests.swift */,
				4AA1A99E2BF94D0E0052D813 /* NameTextFieldTests.swift */,
				4A0002182BFA5585002AA0CA /* UsernameTextFieldTests.swift */,
				4A606B772BFD4C2400AEE729 /* PasswordFieldsControllerTests.swift */,
			);
			path = ReactiveFormValidationTests;
			sourceTree = "<group>";
		};
		4AA1A9942BF94C120052D813 /* NameTextField */ = {
			isa = PBXGroup;
			children = (
				4AA1A9952BF94C230052D813 /* NameTextFieldViewModel.swift */,
				4AA1A9972BF94C480052D813 /* NameTextFieldController.swift */,
			);
			path = NameTextField;
			sourceTree = "<group>";
		};
		4AA1A9992BF94C9E0052D813 /* EmailTextField */ = {
			isa = PBXGroup;
			children = (
				4AA1A99A2BF94CAB0052D813 /* EmailTextFieldViewModel.swift */,
				4AA1A99C2BF94CCF0052D813 /* EmailTextFieldViewController.swift */,
			);
			path = EmailTextField;
			sourceTree = "<group>";
		};
		4AA1A9A22BF94F9A0052D813 /* Helpers */ = {
			isa = PBXGroup;
			children = (
				4AA1A9A32BF94FA40052D813 /* ValidationHelpers.swift */,
			);
			path = Helpers;
			sourceTree = "<group>";
		};
		4AFF0E362BF59D5A00F46A8B /* TextField */ = {
			isa = PBXGroup;
			children = (
				4AFF0E3D2BF5A33300F46A8B /* TextFieldView.swift */,
			);
			path = TextField;
			sourceTree = "<group>";
		};
		8658B824B9662E71304769F1 /* Pods */ = {
			isa = PBXGroup;
			children = (
				1AB4BA9385D286DF1049D22F /* Pods-ReactiveFormValidation.debug.xcconfig */,
				DACB781060B4A044F4726447 /* Pods-ReactiveFormValidation.release.xcconfig */,
				DF49E49E963A23F0101D14AC /* Pods-ReactiveFormValidation-ReactiveFormValidationUITests.debug.xcconfig */,
				356834C5789FF172EB23A306 /* Pods-ReactiveFormValidation-ReactiveFormValidationUITests.release.xcconfig */,
				0040A9B24DF28889302007B4 /* Pods-ReactiveFormValidationTests.debug.xcconfig */,
				3B8314ADDDBC0E0ED2F85AC1 /* Pods-ReactiveFormValidationTests.release.xcconfig */,
			);
			path = Pods;
			sourceTree = "<group>";
		};
		BCE55D0646F90818FE08C006 /* Frameworks */ = {
			isa = PBXGroup;
			children = (
				89B352D663BCF56C45553C74 /* Pods_ReactiveFormValidation.framework */,
				D59DDAE8DE35E77CC67A8CA4 /* Pods_ReactiveFormValidation_ReactiveFormValidationUITests.framework */,
				BC7542DE65C1BA6DC3EB6CCE /* Pods_ReactiveFormValidationTests.framework */,
			);
			name = Frameworks;
			sourceTree = "<group>";
		};
/* End PBXGroup section */

/* Begin PBXNativeTarget section */
		4A810B792BF54FEB00469895 /* ReactiveFormValidation */ = {
			isa = PBXNativeTarget;
			buildConfigurationList = 4A810BA42BF54FEC00469895 /* Build configuration list for PBXNativeTarget "ReactiveFormValidation" */;
			buildPhases = (
				5E2CDB939100F9C4FDA9EC1E /* [CP] Check Pods Manifest.lock */,
				4A810B762BF54FEB00469895 /* Sources */,
				4A810B772BF54FEB00469895 /* Frameworks */,
				4A810B782BF54FEB00469895 /* Resources */,
				6CEC420D53BB18549EAB8040 /* [CP] Embed Pods Frameworks */,
			);
			buildRules = (
			);
			dependencies = (
			);
			name = ReactiveFormValidation;
			productName = ReactiveFormValidation;
			productReference = 4A810B7A2BF54FEB00469895 /* ReactiveFormValidation.app */;
			productType = "com.apple.product-type.application";
		};
		4A810B8F2BF54FEC00469895 /* ReactiveFormValidationTests */ = {
			isa = PBXNativeTarget;
			buildConfigurationList = 4A810BA72BF54FEC00469895 /* Build configuration list for PBXNativeTarget "ReactiveFormValidationTests" */;
			buildPhases = (
				AE27F0CA42E40BF9677CB925 /* [CP] Check Pods Manifest.lock */,
				4A810B8C2BF54FEC00469895 /* Sources */,
				4A810B8D2BF54FEC00469895 /* Frameworks */,
				4A810B8E2BF54FEC00469895 /* Resources */,
				B77599C931C2764FD86D33E0 /* [CP] Embed Pods Frameworks */,
			);
			buildRules = (
			);
			dependencies = (
				4A810B922BF54FEC00469895 /* PBXTargetDependency */,
			);
			name = ReactiveFormValidationTests;
			productName = ReactiveFormValidationTests;
			productReference = 4A810B902BF54FEC00469895 /* ReactiveFormValidationTests.xctest */;
			productType = "com.apple.product-type.bundle.unit-test";
		};
/* End PBXNativeTarget section */

/* Begin PBXProject section */
		4A810B722BF54FEB00469895 /* Project object */ = {
			isa = PBXProject;
			attributes = {
				BuildIndependentTargetsInParallel = 1;
				LastSwiftUpdateCheck = 1530;
				LastUpgradeCheck = 1530;
				TargetAttributes = {
					4A810B792BF54FEB00469895 = {
						CreatedOnToolsVersion = 15.3;
					};
					4A810B8F2BF54FEC00469895 = {
						CreatedOnToolsVersion = 15.3;
						TestTargetID = 4A810B792BF54FEB00469895;
					};
				};
			};
			buildConfigurationList = 4A810B752BF54FEB00469895 /* Build configuration list for PBXProject "ReactiveFormValidation" */;
			compatibilityVersion = "Xcode 14.0";
			developmentRegion = en;
			hasScannedForEncodings = 0;
			knownRegions = (
				en,
				Base,
			);
			mainGroup = 4A810B712BF54FEB00469895;
			productRefGroup = 4A810B7B2BF54FEB00469895 /* Products */;
			projectDirPath = "";
			projectRoot = "";
			targets = (
				4A810B792BF54FEB00469895 /* ReactiveFormValidation */,
				4A810B8F2BF54FEC00469895 /* ReactiveFormValidationTests */,
			);
		};
/* End PBXProject section */

/* Begin PBXResourcesBuildPhase section */
		4A810B782BF54FEB00469895 /* Resources */ = {
			isa = PBXResourcesBuildPhase;
			buildActionMask = 2147483647;
			files = (
				4A810B872BF54FEC00469895 /* Assets.xcassets in Resources */,
				4A810B8A2BF54FEC00469895 /* Base in Resources */,
			);
			runOnlyForDeploymentPostprocessing = 0;
		};
		4A810B8E2BF54FEC00469895 /* Resources */ = {
			isa = PBXResourcesBuildPhase;
			buildActionMask = 2147483647;
			files = (
			);
			runOnlyForDeploymentPostprocessing = 0;
		};
/* End PBXResourcesBuildPhase section */

/* Begin PBXShellScriptBuildPhase section */
		5E2CDB939100F9C4FDA9EC1E /* [CP] Check Pods Manifest.lock */ = {
			isa = PBXShellScriptBuildPhase;
			buildActionMask = 2147483647;
			files = (
			);
			inputFileListPaths = (
			);
			inputPaths = (
				"${PODS_PODFILE_DIR_PATH}/Podfile.lock",
				"${PODS_ROOT}/Manifest.lock",
			);
			name = "[CP] Check Pods Manifest.lock";
			outputFileListPaths = (
			);
			outputPaths = (
				"$(DERIVED_FILE_DIR)/Pods-ReactiveFormValidation-checkManifestLockResult.txt",
			);
			runOnlyForDeploymentPostprocessing = 0;
			shellPath = /bin/sh;
			shellScript = "diff \"${PODS_PODFILE_DIR_PATH}/Podfile.lock\" \"${PODS_ROOT}/Manifest.lock\" > /dev/null\nif [ $? != 0 ] ; then\n    # print error to STDERR\n    echo \"error: The sandbox is not in sync with the Podfile.lock. Run 'pod install' or update your CocoaPods installation.\" >&2\n    exit 1\nfi\n# This output is used by Xcode 'outputs' to avoid re-running this script phase.\necho \"SUCCESS\" > \"${SCRIPT_OUTPUT_FILE_0}\"\n";
			showEnvVarsInLog = 0;
		};
		6CEC420D53BB18549EAB8040 /* [CP] Embed Pods Frameworks */ = {
			isa = PBXShellScriptBuildPhase;
			buildActionMask = 2147483647;
			files = (
			);
			inputFileListPaths = (
				"${PODS_ROOT}/Target Support Files/Pods-ReactiveFormValidation/Pods-ReactiveFormValidation-frameworks-${CONFIGURATION}-input-files.xcfilelist",
			);
			name = "[CP] Embed Pods Frameworks";
			outputFileListPaths = (
				"${PODS_ROOT}/Target Support Files/Pods-ReactiveFormValidation/Pods-ReactiveFormValidation-frameworks-${CONFIGURATION}-output-files.xcfilelist",
			);
			runOnlyForDeploymentPostprocessing = 0;
			shellPath = /bin/sh;
			shellScript = "\"${PODS_ROOT}/Target Support Files/Pods-ReactiveFormValidation/Pods-ReactiveFormValidation-frameworks.sh\"\n";
			showEnvVarsInLog = 0;
		};
		AE27F0CA42E40BF9677CB925 /* [CP] Check Pods Manifest.lock */ = {
			isa = PBXShellScriptBuildPhase;
			buildActionMask = 2147483647;
			files = (
			);
			inputFileListPaths = (
			);
			inputPaths = (
				"${PODS_PODFILE_DIR_PATH}/Podfile.lock",
				"${PODS_ROOT}/Manifest.lock",
			);
			name = "[CP] Check Pods Manifest.lock";
			outputFileListPaths = (
			);
			outputPaths = (
				"$(DERIVED_FILE_DIR)/Pods-ReactiveFormValidationTests-checkManifestLockResult.txt",
			);
			runOnlyForDeploymentPostprocessing = 0;
			shellPath = /bin/sh;
			shellScript = "diff \"${PODS_PODFILE_DIR_PATH}/Podfile.lock\" \"${PODS_ROOT}/Manifest.lock\" > /dev/null\nif [ $? != 0 ] ; then\n    # print error to STDERR\n    echo \"error: The sandbox is not in sync with the Podfile.lock. Run 'pod install' or update your CocoaPods installation.\" >&2\n    exit 1\nfi\n# This output is used by Xcode 'outputs' to avoid re-running this script phase.\necho \"SUCCESS\" > \"${SCRIPT_OUTPUT_FILE_0}\"\n";
			showEnvVarsInLog = 0;
		};
		B77599C931C2764FD86D33E0 /* [CP] Embed Pods Frameworks */ = {
			isa = PBXShellScriptBuildPhase;
			buildActionMask = 2147483647;
			files = (
			);
			inputFileListPaths = (
				"${PODS_ROOT}/Target Support Files/Pods-ReactiveFormValidationTests/Pods-ReactiveFormValidationTests-frameworks-${CONFIGURATION}-input-files.xcfilelist",
			);
			name = "[CP] Embed Pods Frameworks";
			outputFileListPaths = (
				"${PODS_ROOT}/Target Support Files/Pods-ReactiveFormValidationTests/Pods-ReactiveFormValidationTests-frameworks-${CONFIGURATION}-output-files.xcfilelist",
			);
			runOnlyForDeploymentPostprocessing = 0;
			shellPath = /bin/sh;
			shellScript = "\"${PODS_ROOT}/Target Support Files/Pods-ReactiveFormValidationTests/Pods-ReactiveFormValidationTests-frameworks.sh\"\n";
			showEnvVarsInLog = 0;
		};
/* End PBXShellScriptBuildPhase section */

/* Begin PBXSourcesBuildPhase section */
		4A810B762BF54FEB00469895 /* Sources */ = {
			isa = PBXSourcesBuildPhase;
			buildActionMask = 2147483647;
			files = (
				4A810B822BF54FEB00469895 /* ViewController.swift in Sources */,
				4AA1A9962BF94C230052D813 /* NameTextFieldViewModel.swift in Sources */,
				4AFF0E3E2BF5A33300F46A8B /* TextFieldView.swift in Sources */,
				4A606B7B2BFD4CEC00AEE729 /* PasswordFieldsController.swift in Sources */,
				4A606B7F2BFD5FAF00AEE729 /* PasswordValidatorPolicy.swift in Sources */,
				4A2DE87C2BFC07A20044D337 /* UsernameStatus.swift in Sources */,
				4AA1A99D2BF94CCF0052D813 /* EmailTextFieldViewController.swift in Sources */,
				4AA1A9982BF94C480052D813 /* NameTextFieldController.swift in Sources */,
				4A810B7E2BF54FEB00469895 /* AppDelegate.swift in Sources */,
				4A0002222BFA56E7002AA0CA /* UsernameTextFieldViewModel.swift in Sources */,
				4AFF0E2B2BF5594400F46A8B /* UIComposer.swift in Sources */,
				4A00021E2BFA56AB002AA0CA /* UsernameTextFieldController.swift in Sources */,
				4AFF0E292BF5537D00F46A8B /* ViewModel.swift in Sources */,
				4AA1A9A42BF94FA40052D813 /* ValidationHelpers.swift in Sources */,
				4A810B802BF54FEB00469895 /* SceneDelegate.swift in Sources */,
				4A606B7D2BFD4E9C00AEE729 /* PasswordFieldsViewModel.swift in Sources */,
				4AA1A99B2BF94CAB0052D813 /* EmailTextFieldViewModel.swift in Sources */,
			);
			runOnlyForDeploymentPostprocessing = 0;
		};
		4A810B8C2BF54FEC00469895 /* Sources */ = {
			isa = PBXSourcesBuildPhase;
			buildActionMask = 2147483647;
			files = (
				4A0002192BFA5585002AA0CA /* UsernameTextFieldTests.swift in Sources */,
				4AFF0E3C2BF5A19700F46A8B /* EmailTextFieldTests.swift in Sources */,
				4A810B952BF54FEC00469895 /* ReactiveFormValidationTests.swift in Sources */,
				4A606B782BFD4C2400AEE729 /* PasswordFieldsControllerTests.swift in Sources */,
				4AA1A99F2BF94D0E0052D813 /* NameTextFieldTests.swift in Sources */,
				4AA1A9A12BF94ED70052D813 /* Helpers.swift in Sources */,
			);
			runOnlyForDeploymentPostprocessing = 0;
		};
/* End PBXSourcesBuildPhase section */

/* Begin PBXTargetDependency section */
		4A810B922BF54FEC00469895 /* PBXTargetDependency */ = {
			isa = PBXTargetDependency;
			target = 4A810B792BF54FEB00469895 /* ReactiveFormValidation */;
			targetProxy = 4A810B912BF54FEC00469895 /* PBXContainerItemProxy */;
		};
/* End PBXTargetDependency section */

/* Begin PBXVariantGroup section */
		4A810B882BF54FEC00469895 /* LaunchScreen.storyboard */ = {
			isa = PBXVariantGroup;
			children = (
				4A810B892BF54FEC00469895 /* Base */,
			);
			name = LaunchScreen.storyboard;
			sourceTree = "<group>";
		};
/* End PBXVariantGroup section */

/* Begin XCBuildConfiguration section */
		4A810BA22BF54FEC00469895 /* Debug */ = {
			isa = XCBuildConfiguration;
			buildSettings = {
				ALWAYS_SEARCH_USER_PATHS = NO;
				ASSETCATALOG_COMPILER_GENERATE_SWIFT_ASSET_SYMBOL_EXTENSIONS = YES;
				CLANG_ANALYZER_NONNULL = YES;
				CLANG_ANALYZER_NUMBER_OBJECT_CONVERSION = YES_AGGRESSIVE;
				CLANG_CXX_LANGUAGE_STANDARD = "gnu++20";
				CLANG_ENABLE_MODULES = YES;
				CLANG_ENABLE_OBJC_ARC = YES;
				CLANG_ENABLE_OBJC_WEAK = YES;
				CLANG_WARN_BLOCK_CAPTURE_AUTORELEASING = YES;
				CLANG_WARN_BOOL_CONVERSION = YES;
				CLANG_WARN_COMMA = YES;
				CLANG_WARN_CONSTANT_CONVERSION = YES;
				CLANG_WARN_DEPRECATED_OBJC_IMPLEMENTATIONS = YES;
				CLANG_WARN_DIRECT_OBJC_ISA_USAGE = YES_ERROR;
				CLANG_WARN_DOCUMENTATION_COMMENTS = YES;
				CLANG_WARN_EMPTY_BODY = YES;
				CLANG_WARN_ENUM_CONVERSION = YES;
				CLANG_WARN_INFINITE_RECURSION = YES;
				CLANG_WARN_INT_CONVERSION = YES;
				CLANG_WARN_NON_LITERAL_NULL_CONVERSION = YES;
				CLANG_WARN_OBJC_IMPLICIT_RETAIN_SELF = YES;
				CLANG_WARN_OBJC_LITERAL_CONVERSION = YES;
				CLANG_WARN_OBJC_ROOT_CLASS = YES_ERROR;
				CLANG_WARN_QUOTED_INCLUDE_IN_FRAMEWORK_HEADER = YES;
				CLANG_WARN_RANGE_LOOP_ANALYSIS = YES;
				CLANG_WARN_STRICT_PROTOTYPES = YES;
				CLANG_WARN_SUSPICIOUS_MOVE = YES;
				CLANG_WARN_UNGUARDED_AVAILABILITY = YES_AGGRESSIVE;
				CLANG_WARN_UNREACHABLE_CODE = YES;
				CLANG_WARN__DUPLICATE_METHOD_MATCH = YES;
				COPY_PHASE_STRIP = NO;
				DEBUG_INFORMATION_FORMAT = dwarf;
				ENABLE_STRICT_OBJC_MSGSEND = YES;
				ENABLE_TESTABILITY = YES;
				ENABLE_USER_SCRIPT_SANDBOXING = NO;
				GCC_C_LANGUAGE_STANDARD = gnu17;
				GCC_DYNAMIC_NO_PIC = NO;
				GCC_NO_COMMON_BLOCKS = YES;
				GCC_OPTIMIZATION_LEVEL = 0;
				GCC_PREPROCESSOR_DEFINITIONS = (
					"DEBUG=1",
					"$(inherited)",
				);
				GCC_WARN_64_TO_32_BIT_CONVERSION = YES;
				GCC_WARN_ABOUT_RETURN_TYPE = YES_ERROR;
				GCC_WARN_UNDECLARED_SELECTOR = YES;
				GCC_WARN_UNINITIALIZED_AUTOS = YES_AGGRESSIVE;
				GCC_WARN_UNUSED_FUNCTION = YES;
				GCC_WARN_UNUSED_VARIABLE = YES;
				IPHONEOS_DEPLOYMENT_TARGET = 17.4;
				LOCALIZATION_PREFERS_STRING_CATALOGS = YES;
				MTL_ENABLE_DEBUG_INFO = INCLUDE_SOURCE;
				MTL_FAST_MATH = YES;
				ONLY_ACTIVE_ARCH = YES;
				SDKROOT = iphoneos;
				SWIFT_ACTIVE_COMPILATION_CONDITIONS = "DEBUG $(inherited)";
				SWIFT_OPTIMIZATION_LEVEL = "-Onone";
			};
			name = Debug;
		};
		4A810BA32BF54FEC00469895 /* Release */ = {
			isa = XCBuildConfiguration;
			buildSettings = {
				ALWAYS_SEARCH_USER_PATHS = NO;
				ASSETCATALOG_COMPILER_GENERATE_SWIFT_ASSET_SYMBOL_EXTENSIONS = YES;
				CLANG_ANALYZER_NONNULL = YES;
				CLANG_ANALYZER_NUMBER_OBJECT_CONVERSION = YES_AGGRESSIVE;
				CLANG_CXX_LANGUAGE_STANDARD = "gnu++20";
				CLANG_ENABLE_MODULES = YES;
				CLANG_ENABLE_OBJC_ARC = YES;
				CLANG_ENABLE_OBJC_WEAK = YES;
				CLANG_WARN_BLOCK_CAPTURE_AUTORELEASING = YES;
				CLANG_WARN_BOOL_CONVERSION = YES;
				CLANG_WARN_COMMA = YES;
				CLANG_WARN_CONSTANT_CONVERSION = YES;
				CLANG_WARN_DEPRECATED_OBJC_IMPLEMENTATIONS = YES;
				CLANG_WARN_DIRECT_OBJC_ISA_USAGE = YES_ERROR;
				CLANG_WARN_DOCUMENTATION_COMMENTS = YES;
				CLANG_WARN_EMPTY_BODY = YES;
				CLANG_WARN_ENUM_CONVERSION = YES;
				CLANG_WARN_INFINITE_RECURSION = YES;
				CLANG_WARN_INT_CONVERSION = YES;
				CLANG_WARN_NON_LITERAL_NULL_CONVERSION = YES;
				CLANG_WARN_OBJC_IMPLICIT_RETAIN_SELF = YES;
				CLANG_WARN_OBJC_LITERAL_CONVERSION = YES;
				CLANG_WARN_OBJC_ROOT_CLASS = YES_ERROR;
				CLANG_WARN_QUOTED_INCLUDE_IN_FRAMEWORK_HEADER = YES;
				CLANG_WARN_RANGE_LOOP_ANALYSIS = YES;
				CLANG_WARN_STRICT_PROTOTYPES = YES;
				CLANG_WARN_SUSPICIOUS_MOVE = YES;
				CLANG_WARN_UNGUARDED_AVAILABILITY = YES_AGGRESSIVE;
				CLANG_WARN_UNREACHABLE_CODE = YES;
				CLANG_WARN__DUPLICATE_METHOD_MATCH = YES;
				COPY_PHASE_STRIP = NO;
				DEBUG_INFORMATION_FORMAT = "dwarf-with-dsym";
				ENABLE_NS_ASSERTIONS = NO;
				ENABLE_STRICT_OBJC_MSGSEND = YES;
				ENABLE_USER_SCRIPT_SANDBOXING = NO;
				GCC_C_LANGUAGE_STANDARD = gnu17;
				GCC_NO_COMMON_BLOCKS = YES;
				GCC_WARN_64_TO_32_BIT_CONVERSION = YES;
				GCC_WARN_ABOUT_RETURN_TYPE = YES_ERROR;
				GCC_WARN_UNDECLARED_SELECTOR = YES;
				GCC_WARN_UNINITIALIZED_AUTOS = YES_AGGRESSIVE;
				GCC_WARN_UNUSED_FUNCTION = YES;
				GCC_WARN_UNUSED_VARIABLE = YES;
				IPHONEOS_DEPLOYMENT_TARGET = 17.4;
				LOCALIZATION_PREFERS_STRING_CATALOGS = YES;
				MTL_ENABLE_DEBUG_INFO = NO;
				MTL_FAST_MATH = YES;
				SDKROOT = iphoneos;
				SWIFT_COMPILATION_MODE = wholemodule;
				VALIDATE_PRODUCT = YES;
			};
			name = Release;
		};
		4A810BA52BF54FEC00469895 /* Debug */ = {
			isa = XCBuildConfiguration;
			baseConfigurationReference = 1AB4BA9385D286DF1049D22F /* Pods-ReactiveFormValidation.debug.xcconfig */;
			buildSettings = {
				ASSETCATALOG_COMPILER_APPICON_NAME = AppIcon;
				ASSETCATALOG_COMPILER_GLOBAL_ACCENT_COLOR_NAME = AccentColor;
				CODE_SIGN_STYLE = Automatic;
				CURRENT_PROJECT_VERSION = 1;
				GENERATE_INFOPLIST_FILE = YES;
				INFOPLIST_FILE = ReactiveFormValidation/Info.plist;
				INFOPLIST_KEY_UIApplicationSupportsIndirectInputEvents = YES;
				INFOPLIST_KEY_UILaunchStoryboardName = LaunchScreen;
				INFOPLIST_KEY_UISupportedInterfaceOrientations_iPad = "UIInterfaceOrientationPortrait UIInterfaceOrientationPortraitUpsideDown UIInterfaceOrientationLandscapeLeft UIInterfaceOrientationLandscapeRight";
				INFOPLIST_KEY_UISupportedInterfaceOrientations_iPhone = "UIInterfaceOrientationPortrait UIInterfaceOrientationLandscapeLeft UIInterfaceOrientationLandscapeRight";
				LD_RUNPATH_SEARCH_PATHS = (
					"$(inherited)",
					"@executable_path/Frameworks",
				);
				MARKETING_VERSION = 1.0;
				PRODUCT_BUNDLE_IDENTIFIER = com.marcosapostolo.ReactiveFormValidation;
				PRODUCT_NAME = "$(TARGET_NAME)";
				SWIFT_EMIT_LOC_STRINGS = YES;
				SWIFT_VERSION = 5.0;
				TARGETED_DEVICE_FAMILY = "1,2";
			};
			name = Debug;
		};
		4A810BA62BF54FEC00469895 /* Release */ = {
			isa = XCBuildConfiguration;
			baseConfigurationReference = DACB781060B4A044F4726447 /* Pods-ReactiveFormValidation.release.xcconfig */;
			buildSettings = {
				ASSETCATALOG_COMPILER_APPICON_NAME = AppIcon;
				ASSETCATALOG_COMPILER_GLOBAL_ACCENT_COLOR_NAME = AccentColor;
				CODE_SIGN_STYLE = Automatic;
				CURRENT_PROJECT_VERSION = 1;
				GENERATE_INFOPLIST_FILE = YES;
				INFOPLIST_FILE = ReactiveFormValidation/Info.plist;
				INFOPLIST_KEY_UIApplicationSupportsIndirectInputEvents = YES;
				INFOPLIST_KEY_UILaunchStoryboardName = LaunchScreen;
				INFOPLIST_KEY_UISupportedInterfaceOrientations_iPad = "UIInterfaceOrientationPortrait UIInterfaceOrientationPortraitUpsideDown UIInterfaceOrientationLandscapeLeft UIInterfaceOrientationLandscapeRight";
				INFOPLIST_KEY_UISupportedInterfaceOrientations_iPhone = "UIInterfaceOrientationPortrait UIInterfaceOrientationLandscapeLeft UIInterfaceOrientationLandscapeRight";
				LD_RUNPATH_SEARCH_PATHS = (
					"$(inherited)",
					"@executable_path/Frameworks",
				);
				MARKETING_VERSION = 1.0;
				PRODUCT_BUNDLE_IDENTIFIER = com.marcosapostolo.ReactiveFormValidation;
				PRODUCT_NAME = "$(TARGET_NAME)";
				SWIFT_EMIT_LOC_STRINGS = YES;
				SWIFT_VERSION = 5.0;
				TARGETED_DEVICE_FAMILY = "1,2";
			};
			name = Release;
		};
		4A810BA82BF54FEC00469895 /* Debug */ = {
			isa = XCBuildConfiguration;
			baseConfigurationReference = 0040A9B24DF28889302007B4 /* Pods-ReactiveFormValidationTests.debug.xcconfig */;
			buildSettings = {
				ALWAYS_EMBED_SWIFT_STANDARD_LIBRARIES = YES;
				BUNDLE_LOADER = "$(TEST_HOST)";
				CODE_SIGN_STYLE = Automatic;
				CURRENT_PROJECT_VERSION = 1;
				GENERATE_INFOPLIST_FILE = YES;
				IPHONEOS_DEPLOYMENT_TARGET = 17.4;
				MARKETING_VERSION = 1.0;
				PRODUCT_BUNDLE_IDENTIFIER = com.marcosapostolo.ReactiveFormValidationTests;
				PRODUCT_NAME = "$(TARGET_NAME)";
				SWIFT_EMIT_LOC_STRINGS = NO;
				SWIFT_VERSION = 5.0;
				TARGETED_DEVICE_FAMILY = "1,2";
				TEST_HOST = "$(BUILT_PRODUCTS_DIR)/ReactiveFormValidation.app/$(BUNDLE_EXECUTABLE_FOLDER_PATH)/ReactiveFormValidation";
			};
			name = Debug;
		};
		4A810BA92BF54FEC00469895 /* Release */ = {
			isa = XCBuildConfiguration;
			baseConfigurationReference = 3B8314ADDDBC0E0ED2F85AC1 /* Pods-ReactiveFormValidationTests.release.xcconfig */;
			buildSettings = {
				ALWAYS_EMBED_SWIFT_STANDARD_LIBRARIES = YES;
				BUNDLE_LOADER = "$(TEST_HOST)";
				CODE_SIGN_STYLE = Automatic;
				CURRENT_PROJECT_VERSION = 1;
				GENERATE_INFOPLIST_FILE = YES;
				IPHONEOS_DEPLOYMENT_TARGET = 17.4;
				MARKETING_VERSION = 1.0;
				PRODUCT_BUNDLE_IDENTIFIER = com.marcosapostolo.ReactiveFormValidationTests;
				PRODUCT_NAME = "$(TARGET_NAME)";
				SWIFT_EMIT_LOC_STRINGS = NO;
				SWIFT_VERSION = 5.0;
				TARGETED_DEVICE_FAMILY = "1,2";
				TEST_HOST = "$(BUILT_PRODUCTS_DIR)/ReactiveFormValidation.app/$(BUNDLE_EXECUTABLE_FOLDER_PATH)/ReactiveFormValidation";
			};
			name = Release;
		};
/* End XCBuildConfiguration section */

/* Begin XCConfigurationList section */
		4A810B752BF54FEB00469895 /* Build configuration list for PBXProject "ReactiveFormValidation" */ = {
			isa = XCConfigurationList;
			buildConfigurations = (
				4A810BA22BF54FEC00469895 /* Debug */,
				4A810BA32BF54FEC00469895 /* Release */,
			);
			defaultConfigurationIsVisible = 0;
			defaultConfigurationName = Release;
		};
		4A810BA42BF54FEC00469895 /* Build configuration list for PBXNativeTarget "ReactiveFormValidation" */ = {
			isa = XCConfigurationList;
			buildConfigurations = (
				4A810BA52BF54FEC00469895 /* Debug */,
				4A810BA62BF54FEC00469895 /* Release */,
			);
			defaultConfigurationIsVisible = 0;
			defaultConfigurationName = Release;
		};
		4A810BA72BF54FEC00469895 /* Build configuration list for PBXNativeTarget "ReactiveFormValidationTests" */ = {
			isa = XCConfigurationList;
			buildConfigurations = (
				4A810BA82BF54FEC00469895 /* Debug */,
				4A810BA92BF54FEC00469895 /* Release */,
			);
			defaultConfigurationIsVisible = 0;
			defaultConfigurationName = Release;
		};
/* End XCConfigurationList section */
	};
	rootObject = 4A810B722BF54FEB00469895 /* Project object */;
}
